
Microsoft Visual Studio Solution File, Format Version 12.00
# Visual Studio Version 16
VisualStudioVersion = 16.0.30804.86
MinimumVisualStudioVersion = 10.0.40219.1
Project("{FAE04EC0-301F-11D3-BF4B-00C04F79EFBC}") = "Kimyon", "Kimyon\Kimyon.csproj", "{0521BA73-C957-4A39-A582-86F1850EB8D9}"
EndProject
Global
	GlobalSection(SolutionConfigurationPlatforms) = preSolution
		Debug|Any CPU = Debug|Any CPU
		Release|Any CPU = Release|Any CPU
	EndGlobalSection
	GlobalSection(ProjectConfigurationPlatforms) = postSolution
		{0521BA73-C957-4A39-A582-86F1850EB8D9}.Debug|Any CPU.ActiveCfg = Debug|Any CPU
		{0521BA73-C957-4A39-A582-86F1850EB8D9}.Debug|Any CPU.Build.0 = Debug|Any CPU
		{0521BA73-C957-4A39-A582-86F1850EB8D9}.Release|Any CPU.ActiveCfg = Release|Any CPU
		{0521BA73-C957-4A39-A582-86F1850EB8D9}.Release|Any CPU.Build.0 = Release|Any CPU
	EndGlobalSection
	GlobalSection(SolutionProperties) = preSolution
		HideSolutionNode = FALSE
	EndGlobalSection
	GlobalSection(ExtensibilityGlobals) = postSolution
		SolutionGuid = {83F3292C-CFCF-4AA7-B3A9-F40FE4B76FF9}
	EndGlobalSection
EndGlobal
